<?xml version="1.0" encoding="utf-8"?>
<Project ToolsVersion="4.0" xmlns="http://schemas.microsoft.com/developer/msbuild/2003">
  <ItemGroup>
    <Filter Include="Source Files">
      <UniqueIdentifier>{4FC737F1-C7A5-4376-A066-2A32D752A2FF}</UniqueIdentifier>
      <Extensions>cpp;c;cc;cxx;def;odl;idl;hpj;bat;asm;asmx</Extensions>
    </Filter>
    <Filter Include="Header Files">
      <UniqueIdentifier>{93995380-89BD-4b04-88EB-625FBE52EBFB}</UniqueIdentifier>
      <Extensions>h;hh;hpp;hxx;hm;inl;inc;ipp;xsd</Extensions>
    </Filter>
    <Filter Include="Resource Files">
      <UniqueIdentifier>{67DA6AB6-F800-4c08-8B7A-83BB121AAD01}</UniqueIdentifier>
      <Extensions>rc;ico;cur;bmp;dlg;rc2;rct;bin;rgs;gif;jpg;jpeg;jpe;resx;tiff;tif;png;wav;mfcribbon-ms</Extensions>
    </Filter>
    <Filter Include="Source Files\binary_ext">
      <UniqueIdentifier>{f4857fd5-f704-400f-b775-f89bbc2b0337}</UniqueIdentifier>
    </Filter>
    <Filter Include="Source Files\core">
      <UniqueIdentifier>{7955cd49-a1c2-4f07-aed3-c91859bb795d}</UniqueIdentifier>
    </Filter>
    <Filter Include="Source Files\portablity">
      <UniqueIdentifier>{14999654-1120-48a3-9855-855a1a0e42d8}</UniqueIdentifier>
    </Filter>
    <Filter Include="Source Files\regexp">
      <UniqueIdentifier>{8011e933-9365-4731-ba19-c95ba071fb90}</UniqueIdentifier>
    </Filter>
    <Filter Include="Source Files\script_ext">
      <UniqueIdentifier>{12e89f5e-f1f4-4310-a8f6-38adba2bf7f4}</UniqueIdentifier>
    </Filter>
    <Filter Include="Header Files\portablity">
      <UniqueIdentifier>{d27ea360-98c0-494d-8ebf-2459ea841670}</UniqueIdentifier>
    </Filter>
    <Filter Include="Header Files\posix">
      <UniqueIdentifier>{35973bf4-ed0f-4130-beff-17566adabf11}</UniqueIdentifier>
    </Filter>
    <Filter Include="Header Files\priv_inc">
      <UniqueIdentifier>{a1683d7a-b2fe-4e38-a54f-d4cf06dfdb24}</UniqueIdentifier>
    </Filter>
    <Filter Include="Header Files\versions">
      <UniqueIdentifier>{e27ac90e-9947-4116-9771-ed4f1be4a485}</UniqueIdentifier>
    </Filter>
    <Filter Include="Header Files\portablity\compilers">
      <UniqueIdentifier>{57c07856-4008-4078-bea5-f5a07849f5e9}</UniqueIdentifier>
    </Filter>
    <Filter Include="Header Files\portablity\exts">
      <UniqueIdentifier>{42128f45-2818-4226-a63f-48a9e2369150}</UniqueIdentifier>
    </Filter>
    <Filter Include="Header Files\portablity\feature">
      <UniqueIdentifier>{a8a1850a-aa72-43de-ad30-27754caecdc4}</UniqueIdentifier>
    </Filter>
  </ItemGroup>
  <ItemGroup>
    <ClCompile Include="..\..\binary_ext\jim-aio-ext.cpp">
      <Filter>Source Files\binary_ext</Filter>
    </ClCompile>
    <ClCompile Include="..\..\binary_ext\jim-array-ext.cpp">
      <Filter>Source Files\binary_ext</Filter>
    </ClCompile>
    <ClCompile Include="..\..\binary_ext\jim-clock-ext.cpp">
      <Filter>Source Files\binary_ext</Filter>
    </ClCompile>
    <ClCompile Include="..\..\binary_ext\jim-eventloop-ext.cpp">
      <Filter>Source Files\binary_ext</Filter>
    </ClCompile>
    <ClCompile Include="..\..\binary_ext\jim-exec-ext.cpp">
      <Filter>Source Files\binary_ext</Filter>
    </ClCompile>
    <ClCompile Include="..\..\binary_ext\jim-file-ext.cpp">
      <Filter>Source Files\binary_ext</Filter>
    </ClCompile>
    <ClCompile Include="..\..\binary_ext\jim-history-ext.cpp">
      <Filter>Source Files\binary_ext</Filter>
    </ClCompile>
    <ClCompile Include="..\..\binary_ext\jim-interp-ext.cpp">
      <Filter>Source Files\binary_ext</Filter>
    </ClCompile>
    <ClCompile Include="..\..\binary_ext\jim-load-ext.cpp">
      <Filter>Source Files\binary_ext</Filter>
    </ClCompile>
    <ClCompile Include="..\..\binary_ext\jim-namespace-ext.cpp">
      <Filter>Source Files\binary_ext</Filter>
    </ClCompile>
    <ClCompile Include="..\..\binary_ext\jim-package-ext.cpp">
      <Filter>Source Files\binary_ext</Filter>
    </ClCompile>
    <ClCompile Include="..\..\binary_ext\jim-pack-ext.cpp">
      <Filter>Source Files\binary_ext</Filter>
    </ClCompile>
    <ClCompile Include="..\..\binary_ext\jim-readdir-ext.cpp">
      <Filter>Source Files\binary_ext</Filter>
    </ClCompile>
    <ClCompile Include="..\..\binary_ext\jim-tclprefix-ext.cpp">
      <Filter>Source Files\binary_ext</Filter>
    </ClCompile>
    <ClCompile Include="..\..\core\_load-static-exts.cpp">
      <Filter>Source Files\core</Filter>
    </ClCompile>
    <ClCompile Include="..\..\core\jim.cpp">
      <Filter>Source Files\core</Filter>
    </ClCompile>
    <ClCompile Include="..\..\core\jim-format.cpp">
      <Filter>Source Files\core</Filter>
    </ClCompile>
    <ClCompile Include="..\..\core\jim-interactive.cpp">
      <Filter>Source Files\core</Filter>
    </ClCompile>
    <ClCompile Include="..\..\core\jim-subcmd.cpp">
      <Filter>Source Files\core</Filter>
    </ClCompile>
    <ClCompile Include="..\..\core\utf8.cpp">
      <Filter>Source Files\core</Filter>
    </ClCompile>
    <ClCompile Include="..\..\portabilty\jimiocompat.cpp">
      <Filter>Source Files\portablity</Filter>
    </ClCompile>
    <ClCompile Include="..\..\portabilty\prj_compat.cpp">
      <Filter>Source Files\portablity</Filter>
    </ClCompile>
    <ClCompile Include="..\..\regexp\jimregexp.cpp">
      <Filter>Source Files\regexp</Filter>
    </ClCompile>
    <ClCompile Include="..\..\script_ext\_binary-sext.cpp">
      <Filter>Source Files\script_ext</Filter>
    </ClCompile>
    <ClCompile Include="..\..\script_ext\_glob-sext.cpp">
      <Filter>Source Files\script_ext</Filter>
    </ClCompile>
    <ClCompile Include="..\..\script_ext\_initjimsh-sext.cpp">
      <Filter>Source Files\script_ext</Filter>
    </ClCompile>
    <ClCompile Include="..\..\script_ext\_nshelper-sext.cpp">
      <Filter>Source Files\script_ext</Filter>
    </ClCompile>
    <ClCompile Include="..\..\script_ext\_oo-sext.cpp">
      <Filter>Source Files\script_ext</Filter>
    </ClCompile>
    <ClCompile Include="..\..\script_ext\_stdlib-sext.cpp">
      <Filter>Source Files\script_ext</Filter>
    </ClCompile>
    <ClCompile Include="..\..\script_ext\_tclcompat-sext.cpp">
      <Filter>Source Files\script_ext</Filter>
    </ClCompile>
    <ClCompile Include="..\..\script_ext\_tree-sext.cpp">
      <Filter>Source Files\script_ext</Filter>
    </ClCompile>
    <ClCompile Include="..\..\core\_unicode_mapping.h">
      <Filter>Source Files\core</Filter>
    </ClCompile>
    <ClCompile Include="..\..\jimsh\jimsh.cpp">
      <Filter>Source Files</Filter>
    </ClCompile>
    <ClCompile Include="..\..\binary_ext\jim-cpp-ext.cpp">
      <Filter>Source Files\binary_ext</Filter>
    </ClCompile>
    <ClCompile Include="..\..\binary_ext\jim-posix-ext.cpp">
      <Filter>Source Files\binary_ext</Filter>
    </ClCompile>
    <ClCompile Include="..\..\regexp\jim-regexp-ext.cpp">
      <Filter>Source Files\regexp</Filter>
    </ClCompile>
    <ClCompile Include="..\..\binary_ext\jim-signal-ext.cpp">
      <Filter>Source Files\binary_ext</Filter>
    </ClCompile>
    <ClCompile Include="..\..\binary_ext\jim-syslog-ext.cpp">
      <Filter>Source Files\binary_ext</Filter>
    </ClCompile>
    <ClCompile Include="..\..\binary_ext\jim-aio-ext-ssl.cpp">
      <Filter>Source Files\binary_ext</Filter>
    </ClCompile>
    <ClCompile Include="..\..\binary_ext\jim-aio-ext-sockets.cpp">
      <Filter>Source Files\binary_ext</Filter>
    </ClCompile>
    <ClCompile Include="..\..\core\jim-capi.cpp">
      <Filter>Source Files\core</Filter>
    </ClCompile>
    <ClCompile Include="..\..\core\prj_trace.cpp">
      <Filter>Source Files\core</Filter>
    </ClCompile>
    <ClCompile Include="..\..\core\jim-hashtable.cpp">
      <Filter>Source Files\core</Filter>
    </ClCompile>
    <ClCompile Include="..\..\binary_ext\jim-file-ext-adv.cpp">
      <Filter>Source Files\binary_ext</Filter>
    </ClCompile>
    <ClCompile Include="..\..\binary_ext\jim-example-ext.cpp">
      <Filter>Source Files\binary_ext</Filter>
    </ClCompile>
    <ClCompile Include="..\..\binary_ext\jim-file-ext-adv2.cpp">
      <Filter>Source Files\binary_ext</Filter>
    </ClCompile>
    <ClCompile Include="..\..\binary_ext\jim-chrono-ext.cpp">
      <Filter>Source Files\binary_ext</Filter>
    </ClCompile>
    <ClCompile Include="..\..\binary_ext\jim-exec-boost-ext.cpp">
      <Filter>Source Files\binary_ext</Filter>
    </ClCompile>
    <ClCompile Include="..\..\portabilty\readdir.cpp">
      <Filter>Source Files\portablity</Filter>
    </ClCompile>
    <ClCompile Include="..\..\portabilty\prj_printf.cpp">
      <Filter>Source Files\portablity</Filter>
    </ClCompile>
    <ClCompile Include="test.cpp">
      <Filter>Source Files</Filter>
    </ClCompile>
    <ClCompile Include="..\..\core\prj_log.cpp">
      <Filter>Source Files\core</Filter>
    </ClCompile>
    <ClCompile Include="Source.cpp">
      <Filter>Source Files\core</Filter>
    </ClCompile>
  </ItemGroup>
  <ItemGroup>
    <ClInclude Include="..\..\inc\jim-signal.h">
      <Filter>Header Files\posix</Filter>
    </ClInclude>
    <ClInclude Include="..\..\inc\jim-tty.h">
      <Filter>Header Files\posix</Filter>
    </ClInclude>
    <ClInclude Include="..\..\inc\jim.h">
      <Filter>Header Files</Filter>
    </ClInclude>
    <ClInclude Include="..\..\inc\jim-api.h">
      <Filter>Header Files</Filter>
    </ClInclude>
    <ClInclude Include="..\..\inc\jim-inc.h">
      <Filter>Header Files</Filter>
    </ClInclude>
    <ClInclude Include="..\..\inc\jim-subcmd.h">
      <Filter>Header Files</Filter>
    </ClInclude>
    <ClInclude Include="..\..\inc\utf8.h">
      <Filter>Header Files</Filter>
    </ClInclude>
    <ClInclude Include="..\..\inc\jim-base.h">
      <Filter>Header Files</Filter>
    </ClInclude>
    <ClInclude Include="..\..\inc\jim-cpp-api.h">
      <Filter>Header Files</Filter>
    </ClInclude>
    <ClInclude Include="..\..\inc\jim-capi.h">
      <Filter>Header Files</Filter>
    </ClInclude>
    <ClInclude Include="..\..\priv_inc\jim-aio-ext.h">
      <Filter>Header Files\priv_inc</Filter>
    </ClInclude>
    <ClInclude Include="..\..\priv_inc\jim-cpp-api.h">
      <Filter>Header Files\priv_inc</Filter>
    </ClInclude>
    <ClInclude Include="..\..\priv_inc\jim-eventloop.h">
      <Filter>Header Files\priv_inc</Filter>
    </ClInclude>
    <ClInclude Include="..\..\priv_inc\jimregexp.h">
      <Filter>Header Files\priv_inc</Filter>
    </ClInclude>
    <ClInclude Include="..\..\priv_inc\jim-signal.h">
      <Filter>Header Files\priv_inc</Filter>
    </ClInclude>
    <ClInclude Include="..\..\versions\jim-aio-ext-version.h">
      <Filter>Header Files\versions</Filter>
    </ClInclude>
    <ClInclude Include="..\..\versions\jim-array-version.h">
      <Filter>Header Files\versions</Filter>
    </ClInclude>
    <ClInclude Include="..\..\versions\jim-binary-version.h">
      <Filter>Header Files\versions</Filter>
    </ClInclude>
    <ClInclude Include="..\..\versions\jim-clock-version.h">
      <Filter>Header Files\versions</Filter>
    </ClInclude>
    <ClInclude Include="..\..\versions\jim-eventloop-version.h">
      <Filter>Header Files\versions</Filter>
    </ClInclude>
    <ClInclude Include="..\..\versions\jim-exec-version.h">
      <Filter>Header Files\versions</Filter>
    </ClInclude>
    <ClInclude Include="..\..\versions\jim-file-version.h">
      <Filter>Header Files\versions</Filter>
    </ClInclude>
    <ClInclude Include="..\..\versions\jim-glob-version.h">
      <Filter>Header Files\versions</Filter>
    </ClInclude>
    <ClInclude Include="..\..\versions\jim-history-version.h">
      <Filter>Header Files\versions</Filter>
    </ClInclude>
    <ClInclude Include="..\..\versions\jim-initjim-version.h">
      <Filter>Header Files\versions</Filter>
    </ClInclude>
    <ClInclude Include="..\..\versions\jim-interp-version.h">
      <Filter>Header Files\versions</Filter>
    </ClInclude>
    <ClInclude Include="..\..\versions\jim-load-version.h">
      <Filter>Header Files\versions</Filter>
    </ClInclude>
    <ClInclude Include="..\..\versions\jim-namespace-version.h">
      <Filter>Header Files\versions</Filter>
    </ClInclude>
    <ClInclude Include="..\..\versions\jim-oo-version.h">
      <Filter>Header Files\versions</Filter>
    </ClInclude>
    <ClInclude Include="..\..\versions\jim-package-version.h">
      <Filter>Header Files\versions</Filter>
    </ClInclude>
    <ClInclude Include="..\..\versions\jim-readdir-version.h">
      <Filter>Header Files\versions</Filter>
    </ClInclude>
    <ClInclude Include="..\..\versions\jimsh-version.h">
      <Filter>Header Files\versions</Filter>
    </ClInclude>
    <ClInclude Include="..\..\versions\jim-signal-version.h">
      <Filter>Header Files\versions</Filter>
    </ClInclude>
    <ClInclude Include="..\..\versions\jim-stdlib-version.h">
      <Filter>Header Files\versions</Filter>
    </ClInclude>
    <ClInclude Include="..\..\versions\jim-syslog-version.h">
      <Filter>Header Files\versions</Filter>
    </ClInclude>
    <ClInclude Include="..\..\versions\jim-tclcompat-version.h">
      <Filter>Header Files\versions</Filter>
    </ClInclude>
    <ClInclude Include="..\..\versions\jimtclpp-version.h">
      <Filter>Header Files\versions</Filter>
    </ClInclude>
    <ClInclude Include="..\..\versions\jim-tree-version.h">
      <Filter>Header Files\versions</Filter>
    </ClInclude>
    <ClInclude Include="..\..\versions\jim-regexp-version.h">
      <Filter>Header Files\versions</Filter>
    </ClInclude>
    <ClInclude Include="..\..\versions\jim-nshelper-version.h">
      <Filter>Header Files\versions</Filter>
    </ClInclude>
    <ClInclude Include="..\..\versions\jim-pack-version.h">
      <Filter>Header Files\versions</Filter>
    </ClInclude>
    <ClInclude Include="..\..\versions\jim-tclprefix-version.h">
      <Filter>Header Files\versions</Filter>
    </ClInclude>
    <ClInclude Include="..\..\versions\jim-posix-version.h">
      <Filter>Header Files\versions</Filter>
    </ClInclude>
    <ClInclude Include="..\..\inc\linux_gcc_1.h">
      <Filter>Header Files\portablity\compilers</Filter>
    </ClInclude>
    <ClInclude Include="..\..\inc\macos_gcc_1.h">
      <Filter>Header Files\portablity\compilers</Filter>
    </ClInclude>
    <ClInclude Include="..\..\inc\win_mingw64_1.h">
      <Filter>Header Files\portablity\compilers</Filter>
    </ClInclude>
    <ClInclude Include="..\..\inc\win_msvc_1.h">
      <Filter>Header Files\portablity\compilers</Filter>
    </ClInclude>
    <ClInclude Include="..\..\inc\jim_all_exts.h">
      <Filter>Header Files\portablity\exts</Filter>
    </ClInclude>
    <ClInclude Include="..\..\inc\jim_max_exts.h">
      <Filter>Header Files\portablity\exts</Filter>
    </ClInclude>
    <ClInclude Include="..\..\inc\jim_min_exts.h">
      <Filter>Header Files\portablity\exts</Filter>
    </ClInclude>
    <ClInclude Include="..\..\inc\example_os_compiler_1.h">
      <Filter>Header Files\portablity\compilers</Filter>
    </ClInclude>
    <ClInclude Include="..\..\inc\jim_norm_features.h">
      <Filter>Header Files\portablity\feature</Filter>
    </ClInclude>
    <ClInclude Include="..\..\priv_inc\prj_trace.h">
      <Filter>Header Files</Filter>
    </ClInclude>
    <ClInclude Include="..\..\inc\jim-alloc.h">
      <Filter>Header Files</Filter>
    </ClInclude>
    <ClInclude Include="..\..\inc\jim-forwards.h">
      <Filter>Header Files</Filter>
    </ClInclude>
    <ClInclude Include="..\..\inc\jim-hashtable.h">
      <Filter>Header Files</Filter>
    </ClInclude>
    <ClInclude Include="..\..\inc\jim-cppapi.h">
      <Filter>Header Files</Filter>
    </ClInclude>
    <ClInclude Include="..\..\versions\jim-exec-boost-ext-version.h">
      <Filter>Header Files\versions</Filter>
    </ClInclude>
    <ClInclude Include="..\..\versions\jim-example-ext-version.h">
      <Filter>Header Files\versions</Filter>
    </ClInclude>
    <ClInclude Include="..\..\versions\jim-file-ext-adv-version.h">
      <Filter>Header Files\versions</Filter>
    </ClInclude>
    <ClInclude Include="..\..\versions\jim-file-ext-adv2-version.h">
      <Filter>Header Files\versions</Filter>
    </ClInclude>
    <ClInclude Include="..\..\priv_inc\swbreakpoint.h">
      <Filter>Header Files</Filter>
    </ClInclude>
    <ClInclude Include="..\..\priv_inc\prj_compat.h">
      <Filter>Header Files\portablity</Filter>
    </ClInclude>
  </ItemGroup>
</Project>